# This file is autogenerated, do not edit; changes may be undone by the next 'dep ensure'.


[[projects]]
  digest = "1:ffe9824d294da03b391f44e1ae8281281b4afc1bdaa9588c9097785e3af10cec"
  name = "github.com/davecgh/go-spew"
  packages = ["spew"]
  pruneopts = "UT"
  revision = "8991bc29aa16c548c550c7ff78260e27b9ab7c73"
  version = "v1.1.1"

[[projects]]
  digest = "1:09cb61dc19af93deae01587e2fdb1c081e0bf48f1a5ad5fa24f48750dc57dce8"
  name = "github.com/konsorten/go-windows-terminal-sequences"
  packages = ["."]
  pruneopts = "UT"
  revision = "edb144dfd453055e1e49a3d8b410a660b5a87613"
  version = "v1.0.3"

[[projects]]
  branch = "master"
  digest = "1:c497b54ed4be2a7753ae4bfc7629f7168530f22e70ede8badd2aae657ba472b4"
  name = "github.com/palantir/stacktrace"
  packages = [
    ".",
    "cleanpath",
  ]
  pruneopts = "UT"
  revision = "78658fd2d1772b755720ed8c44367d11ee5380d6"

[[projects]]
  digest = "1:0028cb19b2e4c3112225cd871870f2d9cf49b9b4276531f03438a88e94be86fe"
  name = "github.com/pmezard/go-difflib"
  packages = ["difflib"]
  pruneopts = "UT"
  revision = "792786c7400a136282c1664665ae0a8db921c6c2"
  version = "v1.0.0"

[[projects]]
  digest = "1:05eebdd5727fea23083fce0d98d307d70c86baed644178e81608aaa9f09ea469"
  name = "github.com/sirupsen/logrus"
  packages = ["."]
  pruneopts = "UT"
  revision = "60c74ad9be0d874af0ab0daef6ab07c5c5911f0d"
  version = "v1.6.0"

[[projects]]
  digest = "1:5e8f46b412421d2d6cceea845d28ac46f3f5a5f60a6e86f0ee75e24fd43a02a9"
  name = "github.com/stretchr/testify"
  packages = ["assert"]
  pruneopts = "UT"
  revision = "3ebf1ddaeb260c4b1ae502a01c7844fa8c1fa0e9"
  version = "v1.5.1"

[[projects]]
  branch = "master"
  digest = "1:020620a097c2bfd056c8db7d31a69ea2cfed874ce985763dcd9ae00f9fa5f74b"
  name = "golang.org/x/sys"
  packages = [
    "internal/unsafeheader",
    "unix",
  ]
  pruneopts = "UT"
  revision = "1151b9dac4a98d49ef7f80f07ddd826ff51e0b36"

[[projects]]
  digest = "1:d7f1bd887dc650737a421b872ca883059580e9f8314d601f88025df4f4802dce"
  name = "gopkg.in/yaml.v2"
  packages = ["."]
  pruneopts = "UT"
  revision = "0b1645d91e851e735d3e23330303ce81f70adbe3"
  version = "v2.3.0"

[solve-meta]
  analyzer-name = "dep"
  analyzer-version = 1
  input-imports = [
    "github.com/palantir/stacktrace",
    "github.com/sirupsen/logrus",
    "github.com/stretchr/testify/assert",
  ]
  solver-name = "gps-cdcl"
  solver-version = 1
